// !$*UTF8*$!
{
	archiveVersion = 1;
	classes = {
	};
	objectVersion = 50;
	objects = {

/* Begin PBXBuildFile section */
		7866B9C1253FBC1900F9BCB1 /* utils.swift in Sources */ = {isa = PBXBuildFile; fileRef = 7866B9C0253FBC1900F9BCB1 /* utils.swift */; };
		7866B9C7254013E900F9BCB1 /* PlayStorePopupViewController.swift in Sources */ = {isa = PBXBuildFile; fileRef = 7866B9C6254013E900F9BCB1 /* PlayStorePopupViewController.swift */; };
		78792285252FE14200D02FDB /* AppDelegate.swift in Sources */ = {isa = PBXBuildFile; fileRef = 78792284252FE14200D02FDB /* AppDelegate.swift */; };
		78792287252FE14200D02FDB /* SceneDelegate.swift in Sources */ = {isa = PBXBuildFile; fileRef = 78792286252FE14200D02FDB /* SceneDelegate.swift */; };
		78792289252FE14200D02FDB /* PlayListViewController.swift in Sources */ = {isa = PBXBuildFile; fileRef = 78792288252FE14200D02FDB /* PlayListViewController.swift */; };
		7879228C252FE14200D02FDB /* Main.storyboard in Resources */ = {isa = PBXBuildFile; fileRef = 7879228A252FE14200D02FDB /* Main.storyboard */; };
		7879228E252FE14800D02FDB /* Assets.xcassets in Resources */ = {isa = PBXBuildFile; fileRef = 7879228D252FE14800D02FDB /* Assets.xcassets */; };
		78792291252FE14800D02FDB /* LaunchScreen.storyboard in Resources */ = {isa = PBXBuildFile; fileRef = 7879228F252FE14800D02FDB /* LaunchScreen.storyboard */; };
		7879229A252FE2CF00D02FDB /* MusubiPlayer.framework in Frameworks */ = {isa = PBXBuildFile; fileRef = 78792299252FE2CF00D02FDB /* MusubiPlayer.framework */; };
		7879229B252FE2CF00D02FDB /* MusubiPlayer.framework in Embed Frameworks */ = {isa = PBXBuildFile; fileRef = 78792299252FE2CF00D02FDB /* MusubiPlayer.framework */; settings = {ATTRIBUTES = (CodeSignOnCopy, RemoveHeadersOnCopy, ); }; };
		78DA845D253FB47F0058EC50 /* hlsMediaList.json in Resources */ = {isa = PBXBuildFile; fileRef = 78DA845C253FB47F0058EC50 /* hlsMediaList.json */; };
		78DA8460253FB92D0058EC50 /* mediaPlaylistCell.swift in Sources */ = {isa = PBXBuildFile; fileRef = 78DA845F253FB92D0058EC50 /* mediaPlaylistCell.swift */; };
		78E2704D2560C165007ACBDC /* switchCell.swift in Sources */ = {isa = PBXBuildFile; fileRef = 78E2704C2560C165007ACBDC /* switchCell.swift */; };
		78F2EE9F2560C7530031ACCA /* SettingViewController.swift in Sources */ = {isa = PBXBuildFile; fileRef = 78F2EE9E2560C7530031ACCA /* SettingViewController.swift */; };
		78F2EEA42560D86A0031ACCA /* VideoSettings.swift in Sources */ = {isa = PBXBuildFile; fileRef = 78F2EEA32560D86A0031ACCA /* VideoSettings.swift */; };
/* End PBXBuildFile section */

/* Begin PBXCopyFilesBuildPhase section */
		7879229C252FE2CF00D02FDB /* Embed Frameworks */ = {
			isa = PBXCopyFilesBuildPhase;
			buildActionMask = 2147483647;
			dstPath = "";
			dstSubfolderSpec = 10;
			files = (
				7879229B252FE2CF00D02FDB /* MusubiPlayer.framework in Embed Frameworks */,
			);
			name = "Embed Frameworks";
			runOnlyForDeploymentPostprocessing = 0;
		};
/* End PBXCopyFilesBuildPhase section */

/* Begin PBXFileReference section */
		7866B9C0253FBC1900F9BCB1 /* utils.swift */ = {isa = PBXFileReference; lastKnownFileType = sourcecode.swift; path = utils.swift; sourceTree = "<group>"; };
		7866B9C6254013E900F9BCB1 /* PlayStorePopupViewController.swift */ = {isa = PBXFileReference; lastKnownFileType = sourcecode.swift; path = PlayStorePopupViewController.swift; sourceTree = "<group>"; };
		78792281252FE14200D02FDB /* MusubiPlayerDemo.app */ = {isa = PBXFileReference; explicitFileType = wrapper.application; includeInIndex = 0; path = MusubiPlayerDemo.app; sourceTree = BUILT_PRODUCTS_DIR; };
		78792284252FE14200D02FDB /* AppDelegate.swift */ = {isa = PBXFileReference; lastKnownFileType = sourcecode.swift; path = AppDelegate.swift; sourceTree = "<group>"; };
		78792286252FE14200D02FDB /* SceneDelegate.swift */ = {isa = PBXFileReference; lastKnownFileType = sourcecode.swift; path = SceneDelegate.swift; sourceTree = "<group>"; };
		78792288252FE14200D02FDB /* PlayListViewController.swift */ = {isa = PBXFileReference; lastKnownFileType = sourcecode.swift; path = PlayListViewController.swift; sourceTree = "<group>"; };
		7879228B252FE14200D02FDB /* Base */ = {isa = PBXFileReference; lastKnownFileType = file.storyboard; name = Base; path = Base.lproj/Main.storyboard; sourceTree = "<group>"; };
		7879228D252FE14800D02FDB /* Assets.xcassets */ = {isa = PBXFileReference; lastKnownFileType = folder.assetcatalog; path = Assets.xcassets; sourceTree = "<group>"; };
		78792290252FE14800D02FDB /* Base */ = {isa = PBXFileReference; lastKnownFileType = file.storyboard; name = Base; path = Base.lproj/LaunchScreen.storyboard; sourceTree = "<group>"; };
		78792292252FE14800D02FDB /* Info.plist */ = {isa = PBXFileReference; lastKnownFileType = text.plist.xml; path = Info.plist; sourceTree = "<group>"; };
		78792299252FE2CF00D02FDB /* MusubiPlayer.framework */ = {isa = PBXFileReference; explicitFileType = wrapper.framework; path = MusubiPlayer.framework; sourceTree = BUILT_PRODUCTS_DIR; };
		78DA845C253FB47F0058EC50 /* hlsMediaList.json */ = {isa = PBXFileReference; lastKnownFileType = text.json; path = hlsMediaList.json; sourceTree = "<group>"; };
		78DA845F253FB92D0058EC50 /* mediaPlaylistCell.swift */ = {isa = PBXFileReference; lastKnownFileType = sourcecode.swift; path = mediaPlaylistCell.swift; sourceTree = "<group>"; };
		78E2704C2560C165007ACBDC /* switchCell.swift */ = {isa = PBXFileReference; lastKnownFileType = sourcecode.swift; path = switchCell.swift; sourceTree = "<group>"; };
		78F2EE9E2560C7530031ACCA /* SettingViewController.swift */ = {isa = PBXFileReference; lastKnownFileType = sourcecode.swift; path = SettingViewController.swift; sourceTree = "<group>"; };
		78F2EEA32560D86A0031ACCA /* VideoSettings.swift */ = {isa = PBXFileReference; lastKnownFileType = sourcecode.swift; path = VideoSettings.swift; sourceTree = "<group>"; };
/* End PBXFileReference section */

/* Begin PBXFrameworksBuildPhase section */
		7879227E252FE14200D02FDB /* Frameworks */ = {
			isa = PBXFrameworksBuildPhase;
			buildActionMask = 2147483647;
			files = (
				7879229A252FE2CF00D02FDB /* MusubiPlayer.framework in Frameworks */,
			);
			runOnlyForDeploymentPostprocessing = 0;
		};
/* End PBXFrameworksBuildPhase section */

/* Begin PBXGroup section */
		7866B9BF253FBC0400F9BCB1 /* utils */ = {
			isa = PBXGroup;
			children = (
				7866B9C0253FBC1900F9BCB1 /* utils.swift */,
			);
			path = utils;
			sourceTree = "<group>";
		};
		78792278252FE14200D02FDB = {
			isa = PBXGroup;
			children = (
				78792283252FE14200D02FDB /* MusubiPlayerDemo */,
				78792282252FE14200D02FDB /* Products */,
				78792298252FE2CF00D02FDB /* Frameworks */,
			);
			sourceTree = "<group>";
		};
		78792282252FE14200D02FDB /* Products */ = {
			isa = PBXGroup;
			children = (
				78792281252FE14200D02FDB /* MusubiPlayerDemo.app */,
			);
			name = Products;
			sourceTree = "<group>";
		};
		78792283252FE14200D02FDB /* MusubiPlayerDemo */ = {
			isa = PBXGroup;
			children = (
				78F2EEA22560D8510031ACCA /* data */,
				7866B9BF253FBC0400F9BCB1 /* utils */,
				78DA8461253FB9D70058EC50 /* viewControl */,
				78DA845E253FB86F0058EC50 /* viewCell */,
				78DA845B253FB4490058EC50 /* mediaStorage */,
				78792284252FE14200D02FDB /* AppDelegate.swift */,
				78792286252FE14200D02FDB /* SceneDelegate.swift */,
				7879228A252FE14200D02FDB /* Main.storyboard */,
				7879228D252FE14800D02FDB /* Assets.xcassets */,
				7879228F252FE14800D02FDB /* LaunchScreen.storyboard */,
				78792292252FE14800D02FDB /* Info.plist */,
			);
			path = MusubiPlayerDemo;
			sourceTree = "<group>";
		};
		78792298252FE2CF00D02FDB /* Frameworks */ = {
			isa = PBXGroup;
			children = (
				78792299252FE2CF00D02FDB /* MusubiPlayer.framework */,
			);
			name = Frameworks;
			sourceTree = "<group>";
		};
		78DA845B253FB4490058EC50 /* mediaStorage */ = {
			isa = PBXGroup;
			children = (
				78DA845C253FB47F0058EC50 /* hlsMediaList.json */,
			);
			path = mediaStorage;
			sourceTree = "<group>";
		};
		78DA845E253FB86F0058EC50 /* viewCell */ = {
			isa = PBXGroup;
			children = (
				78DA845F253FB92D0058EC50 /* mediaPlaylistCell.swift */,
				78E2704C2560C165007ACBDC /* switchCell.swift */,
			);
			path = viewCell;
			sourceTree = "<group>";
		};
		78DA8461253FB9D70058EC50 /* viewControl */ = {
			isa = PBXGroup;
			children = (
				78792288252FE14200D02FDB /* PlayListViewController.swift */,
				7866B9C6254013E900F9BCB1 /* PlayStorePopupViewController.swift */,
				78F2EE9E2560C7530031ACCA /* SettingViewController.swift */,
			);
			path = viewControl;
			sourceTree = "<group>";
		};
		78F2EEA22560D8510031ACCA /* data */ = {
			isa = PBXGroup;
			children = (
				78F2EEA32560D86A0031ACCA /* VideoSettings.swift */,
			);
			path = data;
			sourceTree = "<group>";
		};
/* End PBXGroup section */

/* Begin PBXNativeTarget section */
		78792280252FE14200D02FDB /* MusubiPlayerDemo */ = {
			isa = PBXNativeTarget;
			buildConfigurationList = 78792295252FE14800D02FDB /* Build configuration list for PBXNativeTarget "MusubiPlayerDemo" */;
			buildPhases = (
				7879227D252FE14200D02FDB /* Sources */,
				7879227E252FE14200D02FDB /* Frameworks */,
				7879227F252FE14200D02FDB /* Resources */,
				7879229C252FE2CF00D02FDB /* Embed Frameworks */,
			);
			buildRules = (
			);
			dependencies = (
			);
			name = MusubiPlayerDemo;
			productName = MusubiPlayerDemo;
			productReference = 78792281252FE14200D02FDB /* MusubiPlayerDemo.app */;
			productType = "com.apple.product-type.application";
		};
/* End PBXNativeTarget section */

/* Begin PBXProject section */
		78792279252FE14200D02FDB /* Project object */ = {
			isa = PBXProject;
			attributes = {
				LastSwiftUpdateCheck = 1150;
				LastUpgradeCheck = 1150;
				ORGANIZATIONNAME = HanGyoJeong;
				TargetAttributes = {
					78792280252FE14200D02FDB = {
						CreatedOnToolsVersion = 11.5;
					};
				};
			};
			buildConfigurationList = 7879227C252FE14200D02FDB /* Build configuration list for PBXProject "MusubiPlayerDemo" */;
			compatibilityVersion = "Xcode 9.3";
			developmentRegion = en;
			hasScannedForEncodings = 0;
			knownRegions = (
				en,
				Base,
			);
			mainGroup = 78792278252FE14200D02FDB;
			productRefGroup = 78792282252FE14200D02FDB /* Products */;
			projectDirPath = "";
			projectRoot = "";
			targets = (
				78792280252FE14200D02FDB /* MusubiPlayerDemo */,
			);
		};
/* End PBXProject section */

/* Begin PBXResourcesBuildPhase section */
		7879227F252FE14200D02FDB /* Resources */ = {
			isa = PBXResourcesBuildPhase;
			buildActionMask = 2147483647;
			files = (
				78792291252FE14800D02FDB /* LaunchScreen.storyboard in Resources */,
				7879228E252FE14800D02FDB /* Assets.xcassets in Resources */,
				78DA845D253FB47F0058EC50 /* hlsMediaList.json in Resources */,
				7879228C252FE14200D02FDB /* Main.storyboard in Resources */,
			);
			runOnlyForDeploymentPostprocessing = 0;
		};
/* End PBXResourcesBuildPhase section */

/* Begin PBXSourcesBuildPhase section */
		7879227D252FE14200D02FDB /* Sources */ = {
			isa = PBXSourcesBuildPhase;
			buildActionMask = 2147483647;
			files = (
				78E2704D2560C165007ACBDC /* switchCell.swift in Sources */,
				7866B9C1253FBC1900F9BCB1 /* utils.swift in Sources */,
				78DA8460253FB92D0058EC50 /* mediaPlaylistCell.swift in Sources */,
				78F2EEA42560D86A0031ACCA /* VideoSettings.swift in Sources */,
				78F2EE9F2560C7530031ACCA /* SettingViewController.swift in Sources */,
				78792289252FE14200D02FDB /* PlayListViewController.swift in Sources */,
				78792285252FE14200D02FDB /* AppDelegate.swift in Sources */,
				78792287252FE14200D02FDB /* SceneDelegate.swift in Sources */,
				7866B9C7254013E900F9BCB1 /* PlayStorePopupViewController.swift in Sources */,
			);
			runOnlyForDeploymentPostprocessing = 0;
		};
/* End PBXSourcesBuildPhase section */

/* Begin PBXVariantGroup section */
		7879228A252FE14200D02FDB /* Main.storyboard */ = {
			isa = PBXVariantGroup;
			children = (
				7879228B252FE14200D02FDB /* Base */,
			);
			name = Main.storyboard;
			sourceTree = "<group>";
		};
		7879228F252FE14800D02FDB /* LaunchScreen.storyboard */ = {
			isa = PBXVariantGroup;
			children = (
				78792290252FE14800D02FDB /* Base */,
			);
			name = LaunchScreen.storyboard;
			sourceTree = "<group>";
		};
/* End PBXVariantGroup section */

/* Begin XCBuildConfiguration section */
		78792293252FE14800D02FDB /* Debug */ = {
			isa = XCBuildConfiguration;
			buildSettings = {
				ALWAYS_SEARCH_USER_PATHS = NO;
				CLANG_ANALYZER_NONNULL = YES;
				CLANG_ANALYZER_NUMBER_OBJECT_CONVERSION = YES_AGGRESSIVE;
				CLANG_CXX_LANGUAGE_STANDARD = "gnu++14";
				CLANG_CXX_LIBRARY = "libc++";
				CLANG_ENABLE_MODULES = YES;
				CLANG_ENABLE_OBJC_ARC = YES;
				CLANG_ENABLE_OBJC_WEAK = YES;
				CLANG_WARN_BLOCK_CAPTURE_AUTORELEASING = YES;
				CLANG_WARN_BOOL_CONVERSION = YES;
				CLANG_WARN_COMMA = YES;
				CLANG_WARN_CONSTANT_CONVERSION = YES;
				CLANG_WARN_DEPRECATED_OBJC_IMPLEMENTATIONS = YES;
				CLANG_WARN_DIRECT_OBJC_ISA_USAGE = YES_ERROR;
				CLANG_WARN_DOCUMENTATION_COMMENTS = YES;
				CLANG_WARN_EMPTY_BODY = YES;
				CLANG_WARN_ENUM_CONVERSION = YES;
				CLANG_WARN_INFINITE_RECURSION = YES;
				CLANG_WARN_INT_CONVERSION = YES;
				CLANG_WARN_NON_LITERAL_NULL_CONVERSION = YES;
				CLANG_WARN_OBJC_IMPLICIT_RETAIN_SELF = YES;
				CLANG_WARN_OBJC_LITERAL_CONVERSION = YES;
				CLANG_WARN_OBJC_ROOT_CLASS = YES_ERROR;
				CLANG_WARN_RANGE_LOOP_ANALYSIS = YES;
				CLANG_WARN_STRICT_PROTOTYPES = YES;
				CLANG_WARN_SUSPICIOUS_MOVE = YES;
				CLANG_WARN_UNGUARDED_AVAILABILITY = YES_AGGRESSIVE;
				CLANG_WARN_UNREACHABLE_CODE = YES;
				CLANG_WARN__DUPLICATE_METHOD_MATCH = YES;
				COPY_PHASE_STRIP = NO;
				DEBUG_INFORMATION_FORMAT = dwarf;
				ENABLE_STRICT_OBJC_MSGSEND = YES;
				ENABLE_TESTABILITY = YES;
				GCC_C_LANGUAGE_STANDARD = gnu11;
				GCC_DYNAMIC_NO_PIC = NO;
				GCC_NO_COMMON_BLOCKS = YES;
				GCC_OPTIMIZATION_LEVEL = 0;
				GCC_PREPROCESSOR_DEFINITIONS = (
					"DEBUG=1",
					"$(inherited)",
				);
				GCC_WARN_64_TO_32_BIT_CONVERSION = YES;
				GCC_WARN_ABOUT_RETURN_TYPE = YES_ERROR;
				GCC_WARN_UNDECLARED_SELECTOR = YES;
				GCC_WARN_UNINITIALIZED_AUTOS = YES_AGGRESSIVE;
				GCC_WARN_UNUSED_FUNCTION = YES;
				GCC_WARN_UNUSED_VARIABLE = YES;
				IPHONEOS_DEPLOYMENT_TARGET = 13.5;
				MTL_ENABLE_DEBUG_INFO = INCLUDE_SOURCE;
				MTL_FAST_MATH = YES;
				ONLY_ACTIVE_ARCH = YES;
				SDKROOT = iphoneos;
				SWIFT_ACTIVE_COMPILATION_CONDITIONS = DEBUG;
				SWIFT_OPTIMIZATION_LEVEL = "-Onone";
			};
			name = Debug;
		};
		78792294252FE14800D02FDB /* Release */ = {
			isa = XCBuildConfiguration;
			buildSettings = {
				ALWAYS_SEARCH_USER_PATHS = NO;
				CLANG_ANALYZER_NONNULL = YES;
				CLANG_ANALYZER_NUMBER_OBJECT_CONVERSION = YES_AGGRESSIVE;
				CLANG_CXX_LANGUAGE_STANDARD = "gnu++14";
				CLANG_CXX_LIBRARY = "libc++";
				CLANG_ENABLE_MODULES = YES;
				CLANG_ENABLE_OBJC_ARC = YES;
				CLANG_ENABLE_OBJC_WEAK = YES;
				CLANG_WARN_BLOCK_CAPTURE_AUTORELEASING = YES;
				CLANG_WARN_BOOL_CONVERSION = YES;
				CLANG_WARN_COMMA = YES;
				CLANG_WARN_CONSTANT_CONVERSION = YES;
				CLANG_WARN_DEPRECATED_OBJC_IMPLEMENTATIONS = YES;
				CLANG_WARN_DIRECT_OBJC_ISA_USAGE = YES_ERROR;
				CLANG_WARN_DOCUMENTATION_COMMENTS = YES;
				CLANG_WARN_EMPTY_BODY = YES;
				CLANG_WARN_ENUM_CONVERSION = YES;
				CLANG_WARN_INFINITE_RECURSION = YES;
				CLANG_WARN_INT_CONVERSION = YES;
				CLANG_WARN_NON_LITERAL_NULL_CONVERSION = YES;
				CLANG_WARN_OBJC_IMPLICIT_RETAIN_SELF = YES;
				CLANG_WARN_OBJC_LITERAL_CONVERSION = YES;
				CLANG_WARN_OBJC_ROOT_CLASS = YES_ERROR;
				CLANG_WARN_RANGE_LOOP_ANALYSIS = YES;
				CLANG_WARN_STRICT_PROTOTYPES = YES;
				CLANG_WARN_SUSPICIOUS_MOVE = YES;
				CLANG_WARN_UNGUARDED_AVAILABILITY = YES_AGGRESSIVE;
				CLANG_WARN_UNREACHABLE_CODE = YES;
				CLANG_WARN__DUPLICATE_METHOD_MATCH = YES;
				COPY_PHASE_STRIP = NO;
				DEBUG_INFORMATION_FORMAT = "dwarf-with-dsym";
				ENABLE_NS_ASSERTIONS = NO;
				ENABLE_STRICT_OBJC_MSGSEND = YES;
				GCC_C_LANGUAGE_STANDARD = gnu11;
				GCC_NO_COMMON_BLOCKS = YES;
				GCC_WARN_64_TO_32_BIT_CONVERSION = YES;
				GCC_WARN_ABOUT_RETURN_TYPE = YES_ERROR;
				GCC_WARN_UNDECLARED_SELECTOR = YES;
				GCC_WARN_UNINITIALIZED_AUTOS = YES_AGGRESSIVE;
				GCC_WARN_UNUSED_FUNCTION = YES;
				GCC_WARN_UNUSED_VARIABLE = YES;
				IPHONEOS_DEPLOYMENT_TARGET = 13.5;
				MTL_ENABLE_DEBUG_INFO = NO;
				MTL_FAST_MATH = YES;
				SDKROOT = iphoneos;
				SWIFT_COMPILATION_MODE = wholemodule;
				SWIFT_OPTIMIZATION_LEVEL = "-O";
				VALIDATE_PRODUCT = YES;
			};
			name = Release;
		};
		78792296252FE14800D02FDB /* Debug */ = {
			isa = XCBuildConfiguration;
			buildSettings = {
				ASSETCATALOG_COMPILER_APPICON_NAME = AppIcon;
				CODE_SIGN_STYLE = Automatic;
				DEVELOPMENT_TEAM = KYV3CSY2F3;
				INFOPLIST_FILE = MusubiPlayerDemo/Info.plist;
				LD_RUNPATH_SEARCH_PATHS = (
					"$(inherited)",
					"@executable_path/Frameworks",
				);
				PRODUCT_BUNDLE_IDENTIFIER = kr.hangyojeong.MusubiPlayerDemo;
				PRODUCT_NAME = "$(TARGET_NAME)";
				SWIFT_VERSION = 5.0;
				TARGETED_DEVICE_FAMILY = "1,2";
			};
			name = Debug;
		};
		78792297252FE14800D02FDB /* Release */ = {
			isa = XCBuildConfiguration;
			buildSettings = {
				ASSETCATALOG_COMPILER_APPICON_NAME = AppIcon;
				CODE_SIGN_STYLE = Automatic;
				DEVELOPMENT_TEAM = KYV3CSY2F3;
				INFOPLIST_FILE = MusubiPlayerDemo/Info.plist;
				LD_RUNPATH_SEARCH_PATHS = (
					"$(inherited)",
					"@executable_path/Frameworks",
				);
				PRODUCT_BUNDLE_IDENTIFIER = kr.hangyojeong.MusubiPlayerDemo;
				PRODUCT_NAME = "$(TARGET_NAME)";
				SWIFT_VERSION = 5.0;
				TARGETED_DEVICE_FAMILY = "1,2";
			};
			name = Release;
		};
/* End XCBuildConfiguration section */

/* Begin XCConfigurationList section */
		7879227C252FE14200D02FDB /* Build configuration list for PBXProject "MusubiPlayerDemo" */ = {
			isa = XCConfigurationList;
			buildConfigurations = (
				78792293252FE14800D02FDB /* Debug */,
				78792294252FE14800D02FDB /* Release */,
			);
			defaultConfigurationIsVisible = 0;
			defaultConfigurationName = Release;
		};
		78792295252FE14800D02FDB /* Build configuration list for PBXNativeTarget "MusubiPlayerDemo" */ = {
			isa = XCConfigurationList;
			buildConfigurations = (
				78792296252FE14800D02FDB /* Debug */,
				78792297252FE14800D02FDB /* Release */,
			);
			defaultConfigurationIsVisible = 0;
			defaultConfigurationName = Release;
		};
/* End XCConfigurationList section */
	};
	rootObject = 78792279252FE14200D02FDB /* Project object */;
}
