// !$*UTF8*$!
{
	archiveVersion = 1;
	classes = {
	};
	objectVersion = 50;
	objects = {

/* Begin PBXAggregateTarget section */
		786AFA662566063800295FED /* universal_musubiSubtitles */ = {
			isa = PBXAggregateTarget;
			buildConfigurationList = 786AFA672566063800295FED /* Build configuration list for PBXAggregateTarget "universal_musubiSubtitles" */;
			buildPhases = (
				786AFA6A2566065500295FED /* ShellScript */,
			);
			dependencies = (
			);
			name = universal_musubiSubtitles;
			productName = universal_musubiSubtitles;
		};
/* End PBXAggregateTarget section */

/* Begin PBXBuildFile section */
		786AFA60256605B000295FED /* MusubiSubtitles.m in Sources */ = {isa = PBXBuildFile; fileRef = 786AFA5F256605B000295FED /* MusubiSubtitles.m */; };
		786AFA822566114E00295FED /* MusubiSubtitles.h in Headers */ = {isa = PBXBuildFile; fileRef = 786AFA812566114E00295FED /* MusubiSubtitles.h */; };
		786AFA882566BC3800295FED /* MusubiSMIParser.h in Headers */ = {isa = PBXBuildFile; fileRef = 786AFA862566BC3800295FED /* MusubiSMIParser.h */; };
		786AFA892566BC3800295FED /* MusubiSMIParser.m in Sources */ = {isa = PBXBuildFile; fileRef = 786AFA872566BC3800295FED /* MusubiSMIParser.m */; };
		786AFA8C2566BC6000295FED /* MusubiSRTParser.h in Headers */ = {isa = PBXBuildFile; fileRef = 786AFA8A2566BC6000295FED /* MusubiSRTParser.h */; };
		786AFA8D2566BC6000295FED /* MusubiSRTParser.m in Sources */ = {isa = PBXBuildFile; fileRef = 786AFA8B2566BC6000295FED /* MusubiSRTParser.m */; };
		786AFA972567171600295FED /* MusubiSubtitleParser.h in Headers */ = {isa = PBXBuildFile; fileRef = 786AFA952567171600295FED /* MusubiSubtitleParser.h */; };
		786AFA982567171600295FED /* MusubiSubtitleParser.m in Sources */ = {isa = PBXBuildFile; fileRef = 786AFA962567171600295FED /* MusubiSubtitleParser.m */; };
/* End PBXBuildFile section */

/* Begin PBXFileReference section */
		786AFA5A256605B000295FED /* libMusubiSubtitles.a */ = {isa = PBXFileReference; explicitFileType = archive.ar; includeInIndex = 0; path = libMusubiSubtitles.a; sourceTree = BUILT_PRODUCTS_DIR; };
		786AFA5F256605B000295FED /* MusubiSubtitles.m */ = {isa = PBXFileReference; lastKnownFileType = sourcecode.c.objc; path = MusubiSubtitles.m; sourceTree = "<group>"; };
		786AFA812566114E00295FED /* MusubiSubtitles.h */ = {isa = PBXFileReference; fileEncoding = 4; lastKnownFileType = sourcecode.c.h; name = MusubiSubtitles.h; path = ../../MusubiPlayer/MusubiPlayer/MusubiSubtitle/include/MusubiSubtitles.h; sourceTree = "<group>"; };
		786AFA862566BC3800295FED /* MusubiSMIParser.h */ = {isa = PBXFileReference; lastKnownFileType = sourcecode.c.h; path = MusubiSMIParser.h; sourceTree = "<group>"; };
		786AFA872566BC3800295FED /* MusubiSMIParser.m */ = {isa = PBXFileReference; lastKnownFileType = sourcecode.c.objc; path = MusubiSMIParser.m; sourceTree = "<group>"; };
		786AFA8A2566BC6000295FED /* MusubiSRTParser.h */ = {isa = PBXFileReference; lastKnownFileType = sourcecode.c.h; path = MusubiSRTParser.h; sourceTree = "<group>"; };
		786AFA8B2566BC6000295FED /* MusubiSRTParser.m */ = {isa = PBXFileReference; lastKnownFileType = sourcecode.c.objc; path = MusubiSRTParser.m; sourceTree = "<group>"; };
		786AFA952567171600295FED /* MusubiSubtitleParser.h */ = {isa = PBXFileReference; lastKnownFileType = sourcecode.c.h; path = MusubiSubtitleParser.h; sourceTree = "<group>"; };
		786AFA962567171600295FED /* MusubiSubtitleParser.m */ = {isa = PBXFileReference; lastKnownFileType = sourcecode.c.objc; path = MusubiSubtitleParser.m; sourceTree = "<group>"; };
/* End PBXFileReference section */

/* Begin PBXFrameworksBuildPhase section */
		786AFA58256605B000295FED /* Frameworks */ = {
			isa = PBXFrameworksBuildPhase;
			buildActionMask = 2147483647;
			files = (
			);
			runOnlyForDeploymentPostprocessing = 0;
		};
/* End PBXFrameworksBuildPhase section */

/* Begin PBXGroup section */
		786AFA51256605B000295FED = {
			isa = PBXGroup;
			children = (
				786AFA5C256605B000295FED /* MusubiSubtitles */,
				786AFA5B256605B000295FED /* Products */,
			);
			sourceTree = "<group>";
		};
		786AFA5B256605B000295FED /* Products */ = {
			isa = PBXGroup;
			children = (
				786AFA5A256605B000295FED /* libMusubiSubtitles.a */,
			);
			name = Products;
			sourceTree = "<group>";
		};
		786AFA5C256605B000295FED /* MusubiSubtitles */ = {
			isa = PBXGroup;
			children = (
				786AFA5F256605B000295FED /* MusubiSubtitles.m */,
				786AFA812566114E00295FED /* MusubiSubtitles.h */,
				786AFA862566BC3800295FED /* MusubiSMIParser.h */,
				786AFA872566BC3800295FED /* MusubiSMIParser.m */,
				786AFA8A2566BC6000295FED /* MusubiSRTParser.h */,
				786AFA8B2566BC6000295FED /* MusubiSRTParser.m */,
				786AFA952567171600295FED /* MusubiSubtitleParser.h */,
				786AFA962567171600295FED /* MusubiSubtitleParser.m */,
			);
			path = MusubiSubtitles;
			sourceTree = "<group>";
		};
/* End PBXGroup section */

/* Begin PBXHeadersBuildPhase section */
		786AFA56256605B000295FED /* Headers */ = {
			isa = PBXHeadersBuildPhase;
			buildActionMask = 2147483647;
			files = (
				786AFA882566BC3800295FED /* MusubiSMIParser.h in Headers */,
				786AFA8C2566BC6000295FED /* MusubiSRTParser.h in Headers */,
				786AFA972567171600295FED /* MusubiSubtitleParser.h in Headers */,
				786AFA822566114E00295FED /* MusubiSubtitles.h in Headers */,
			);
			runOnlyForDeploymentPostprocessing = 0;
		};
/* End PBXHeadersBuildPhase section */

/* Begin PBXNativeTarget section */
		786AFA59256605B000295FED /* MusubiSubtitles */ = {
			isa = PBXNativeTarget;
			buildConfigurationList = 786AFA63256605B000295FED /* Build configuration list for PBXNativeTarget "MusubiSubtitles" */;
			buildPhases = (
				786AFA56256605B000295FED /* Headers */,
				786AFA57256605B000295FED /* Sources */,
				786AFA58256605B000295FED /* Frameworks */,
			);
			buildRules = (
			);
			dependencies = (
			);
			name = MusubiSubtitles;
			productName = MusubiSubtitles;
			productReference = 786AFA5A256605B000295FED /* libMusubiSubtitles.a */;
			productType = "com.apple.product-type.library.static";
		};
/* End PBXNativeTarget section */

/* Begin PBXProject section */
		786AFA52256605B000295FED /* Project object */ = {
			isa = PBXProject;
			attributes = {
				LastUpgradeCheck = 1150;
				ORGANIZATIONNAME = HanGyoJeong;
				TargetAttributes = {
					786AFA59256605B000295FED = {
						CreatedOnToolsVersion = 11.5;
					};
					786AFA662566063800295FED = {
						CreatedOnToolsVersion = 11.5;
					};
				};
			};
			buildConfigurationList = 786AFA55256605B000295FED /* Build configuration list for PBXProject "MusubiSubtitles" */;
			compatibilityVersion = "Xcode 9.3";
			developmentRegion = en;
			hasScannedForEncodings = 0;
			knownRegions = (
				en,
				Base,
			);
			mainGroup = 786AFA51256605B000295FED;
			productRefGroup = 786AFA5B256605B000295FED /* Products */;
			projectDirPath = "";
			projectRoot = "";
			targets = (
				786AFA59256605B000295FED /* MusubiSubtitles */,
				786AFA662566063800295FED /* universal_musubiSubtitles */,
			);
		};
/* End PBXProject section */

/* Begin PBXShellScriptBuildPhase section */
		786AFA6A2566065500295FED /* ShellScript */ = {
			isa = PBXShellScriptBuildPhase;
			buildActionMask = 2147483647;
			files = (
			);
			inputFileListPaths = (
			);
			inputPaths = (
			);
			outputFileListPaths = (
			);
			outputPaths = (
			);
			runOnlyForDeploymentPostprocessing = 0;
			shellPath = /bin/sh;
			shellScript = "# Define output directory environment variable\nUNIVERSAL_OUTPUTDIR=${BUILD_DIR}/${CONFIGURATION}-universal\n\n# Step 1. Build Device & Simulator version\nxcodebuild -target ${PROJECT_NAME} ONLY_ACTIVE_ARCH=NO -configuration ${CONFIGURATION} -sdk iphoneos BUILD_DIR=\"${BUILD_DIR}\" BUILD_ROOT=\"${BUILD_ROOT}\"\nxcodebuild -target ${PROJECT_NAME} -configuration ${CONFIGURATION} -sdk iphonesimulator -arch x86_64 -arch i386 -arch armv7 -arch armv7s -arch arm64 BUILD_DIR=\"${BUILD_DIR}\" BUILD_ROOT=\"${BUILD_ROOT}\"\n\n# Make sure the output directory exists\nmkdir -p \"${UNIVERSAL_OUTPUTDIR}\"\n\n# Step 2. Create universal binary file using lipo\nlipo -create -output \"${UNIVERSAL_OUTPUTDIR}/lib${PROJECT_NAME}.a\" \"${BUILD_DIR}/${CONFIGURATION}-iphoneos/lib${PROJECT_NAME}.a\" \"${BUILD_DIR}/${CONFIGURATION}-iphonesimulator/lib${PROJECT_NAME}.a\"\n\necho \"Universal library can be found here:\"\necho ${UNIVERSAL_OUTPUTDIR}/lib${PROJECT_NAME}.a\n\n# Copy the Header files, Just for convenience\n# cp -R \"${BUILD_DIR}/${CONFIGURATION}-iphoneos/include\" \"${UNIVERSAL_OUTPUTDIR}/\"\n";
		};
/* End PBXShellScriptBuildPhase section */

/* Begin PBXSourcesBuildPhase section */
		786AFA57256605B000295FED /* Sources */ = {
			isa = PBXSourcesBuildPhase;
			buildActionMask = 2147483647;
			files = (
				786AFA60256605B000295FED /* MusubiSubtitles.m in Sources */,
				786AFA8D2566BC6000295FED /* MusubiSRTParser.m in Sources */,
				786AFA892566BC3800295FED /* MusubiSMIParser.m in Sources */,
				786AFA982567171600295FED /* MusubiSubtitleParser.m in Sources */,
			);
			runOnlyForDeploymentPostprocessing = 0;
		};
/* End PBXSourcesBuildPhase section */

/* Begin XCBuildConfiguration section */
		786AFA61256605B000295FED /* Debug */ = {
			isa = XCBuildConfiguration;
			buildSettings = {
				ALWAYS_SEARCH_USER_PATHS = NO;
				CLANG_ANALYZER_NONNULL = YES;
				CLANG_ANALYZER_NUMBER_OBJECT_CONVERSION = YES_AGGRESSIVE;
				CLANG_CXX_LANGUAGE_STANDARD = "gnu++14";
				CLANG_CXX_LIBRARY = "libc++";
				CLANG_ENABLE_MODULES = YES;
				CLANG_ENABLE_OBJC_ARC = YES;
				CLANG_ENABLE_OBJC_WEAK = YES;
				CLANG_WARN_BLOCK_CAPTURE_AUTORELEASING = YES;
				CLANG_WARN_BOOL_CONVERSION = YES;
				CLANG_WARN_COMMA = YES;
				CLANG_WARN_CONSTANT_CONVERSION = YES;
				CLANG_WARN_DEPRECATED_OBJC_IMPLEMENTATIONS = YES;
				CLANG_WARN_DIRECT_OBJC_ISA_USAGE = YES_ERROR;
				CLANG_WARN_DOCUMENTATION_COMMENTS = YES;
				CLANG_WARN_EMPTY_BODY = YES;
				CLANG_WARN_ENUM_CONVERSION = YES;
				CLANG_WARN_INFINITE_RECURSION = YES;
				CLANG_WARN_INT_CONVERSION = YES;
				CLANG_WARN_NON_LITERAL_NULL_CONVERSION = YES;
				CLANG_WARN_OBJC_IMPLICIT_RETAIN_SELF = YES;
				CLANG_WARN_OBJC_LITERAL_CONVERSION = YES;
				CLANG_WARN_OBJC_ROOT_CLASS = YES_ERROR;
				CLANG_WARN_RANGE_LOOP_ANALYSIS = YES;
				CLANG_WARN_STRICT_PROTOTYPES = YES;
				CLANG_WARN_SUSPICIOUS_MOVE = YES;
				CLANG_WARN_UNGUARDED_AVAILABILITY = YES_AGGRESSIVE;
				CLANG_WARN_UNREACHABLE_CODE = YES;
				CLANG_WARN__DUPLICATE_METHOD_MATCH = YES;
				COPY_PHASE_STRIP = NO;
				DEBUG_INFORMATION_FORMAT = dwarf;
				ENABLE_STRICT_OBJC_MSGSEND = YES;
				ENABLE_TESTABILITY = YES;
				GCC_C_LANGUAGE_STANDARD = gnu11;
				GCC_DYNAMIC_NO_PIC = NO;
				GCC_NO_COMMON_BLOCKS = YES;
				GCC_OPTIMIZATION_LEVEL = 0;
				GCC_PREPROCESSOR_DEFINITIONS = (
					"DEBUG=1",
					"$(inherited)",
				);
				GCC_WARN_64_TO_32_BIT_CONVERSION = YES;
				GCC_WARN_ABOUT_RETURN_TYPE = YES_ERROR;
				GCC_WARN_UNDECLARED_SELECTOR = YES;
				GCC_WARN_UNINITIALIZED_AUTOS = YES_AGGRESSIVE;
				GCC_WARN_UNUSED_FUNCTION = YES;
				GCC_WARN_UNUSED_VARIABLE = YES;
				MACOSX_DEPLOYMENT_TARGET = 10.15;
				MTL_ENABLE_DEBUG_INFO = INCLUDE_SOURCE;
				MTL_FAST_MATH = YES;
				ONLY_ACTIVE_ARCH = YES;
				SDKROOT = macosx;
			};
			name = Debug;
		};
		786AFA62256605B000295FED /* Release */ = {
			isa = XCBuildConfiguration;
			buildSettings = {
				ALWAYS_SEARCH_USER_PATHS = NO;
				CLANG_ANALYZER_NONNULL = YES;
				CLANG_ANALYZER_NUMBER_OBJECT_CONVERSION = YES_AGGRESSIVE;
				CLANG_CXX_LANGUAGE_STANDARD = "gnu++14";
				CLANG_CXX_LIBRARY = "libc++";
				CLANG_ENABLE_MODULES = YES;
				CLANG_ENABLE_OBJC_ARC = YES;
				CLANG_ENABLE_OBJC_WEAK = YES;
				CLANG_WARN_BLOCK_CAPTURE_AUTORELEASING = YES;
				CLANG_WARN_BOOL_CONVERSION = YES;
				CLANG_WARN_COMMA = YES;
				CLANG_WARN_CONSTANT_CONVERSION = YES;
				CLANG_WARN_DEPRECATED_OBJC_IMPLEMENTATIONS = YES;
				CLANG_WARN_DIRECT_OBJC_ISA_USAGE = YES_ERROR;
				CLANG_WARN_DOCUMENTATION_COMMENTS = YES;
				CLANG_WARN_EMPTY_BODY = YES;
				CLANG_WARN_ENUM_CONVERSION = YES;
				CLANG_WARN_INFINITE_RECURSION = YES;
				CLANG_WARN_INT_CONVERSION = YES;
				CLANG_WARN_NON_LITERAL_NULL_CONVERSION = YES;
				CLANG_WARN_OBJC_IMPLICIT_RETAIN_SELF = YES;
				CLANG_WARN_OBJC_LITERAL_CONVERSION = YES;
				CLANG_WARN_OBJC_ROOT_CLASS = YES_ERROR;
				CLANG_WARN_RANGE_LOOP_ANALYSIS = YES;
				CLANG_WARN_STRICT_PROTOTYPES = YES;
				CLANG_WARN_SUSPICIOUS_MOVE = YES;
				CLANG_WARN_UNGUARDED_AVAILABILITY = YES_AGGRESSIVE;
				CLANG_WARN_UNREACHABLE_CODE = YES;
				CLANG_WARN__DUPLICATE_METHOD_MATCH = YES;
				COPY_PHASE_STRIP = NO;
				DEBUG_INFORMATION_FORMAT = "dwarf-with-dsym";
				ENABLE_NS_ASSERTIONS = NO;
				ENABLE_STRICT_OBJC_MSGSEND = YES;
				GCC_C_LANGUAGE_STANDARD = gnu11;
				GCC_NO_COMMON_BLOCKS = YES;
				GCC_WARN_64_TO_32_BIT_CONVERSION = YES;
				GCC_WARN_ABOUT_RETURN_TYPE = YES_ERROR;
				GCC_WARN_UNDECLARED_SELECTOR = YES;
				GCC_WARN_UNINITIALIZED_AUTOS = YES_AGGRESSIVE;
				GCC_WARN_UNUSED_FUNCTION = YES;
				GCC_WARN_UNUSED_VARIABLE = YES;
				MACOSX_DEPLOYMENT_TARGET = 10.15;
				MTL_ENABLE_DEBUG_INFO = NO;
				MTL_FAST_MATH = YES;
				SDKROOT = macosx;
			};
			name = Release;
		};
		786AFA64256605B000295FED /* Debug */ = {
			isa = XCBuildConfiguration;
			buildSettings = {
				CODE_SIGN_STYLE = Automatic;
				DEVELOPMENT_TEAM = KYV3CSY2F3;
				EXECUTABLE_PREFIX = lib;
				PRODUCT_NAME = "$(TARGET_NAME)";
				SKIP_INSTALL = YES;
			};
			name = Debug;
		};
		786AFA65256605B000295FED /* Release */ = {
			isa = XCBuildConfiguration;
			buildSettings = {
				CODE_SIGN_STYLE = Automatic;
				DEVELOPMENT_TEAM = KYV3CSY2F3;
				EXECUTABLE_PREFIX = lib;
				PRODUCT_NAME = "$(TARGET_NAME)";
				SKIP_INSTALL = YES;
			};
			name = Release;
		};
		786AFA682566063800295FED /* Debug */ = {
			isa = XCBuildConfiguration;
			buildSettings = {
				CODE_SIGN_STYLE = Automatic;
				DEVELOPMENT_TEAM = KYV3CSY2F3;
				PRODUCT_NAME = "$(TARGET_NAME)";
			};
			name = Debug;
		};
		786AFA692566063800295FED /* Release */ = {
			isa = XCBuildConfiguration;
			buildSettings = {
				CODE_SIGN_STYLE = Automatic;
				DEVELOPMENT_TEAM = KYV3CSY2F3;
				PRODUCT_NAME = "$(TARGET_NAME)";
			};
			name = Release;
		};
/* End XCBuildConfiguration section */

/* Begin XCConfigurationList section */
		786AFA55256605B000295FED /* Build configuration list for PBXProject "MusubiSubtitles" */ = {
			isa = XCConfigurationList;
			buildConfigurations = (
				786AFA61256605B000295FED /* Debug */,
				786AFA62256605B000295FED /* Release */,
			);
			defaultConfigurationIsVisible = 0;
			defaultConfigurationName = Release;
		};
		786AFA63256605B000295FED /* Build configuration list for PBXNativeTarget "MusubiSubtitles" */ = {
			isa = XCConfigurationList;
			buildConfigurations = (
				786AFA64256605B000295FED /* Debug */,
				786AFA65256605B000295FED /* Release */,
			);
			defaultConfigurationIsVisible = 0;
			defaultConfigurationName = Release;
		};
		786AFA672566063800295FED /* Build configuration list for PBXAggregateTarget "universal_musubiSubtitles" */ = {
			isa = XCConfigurationList;
			buildConfigurations = (
				786AFA682566063800295FED /* Debug */,
				786AFA692566063800295FED /* Release */,
			);
			defaultConfigurationIsVisible = 0;
			defaultConfigurationName = Release;
		};
/* End XCConfigurationList section */
	};
	rootObject = 786AFA52256605B000295FED /* Project object */;
}
